Microsoft Visual Studio Solution File, Format Version 12.00
# Visual Studio 15
VisualStudioVersion = 15.0.27130.2020
MinimumVisualStudioVersion = 10.0.40219.1
Project("{FAE04EC0-301F-11D3-BF4B-00C04F79EFBC}") = "MonoDevelop.VersionControl.TFS", "VisualStudio.VersionControl.TFS.Addin\MonoDevelop.VersionControl.TFS.csproj", "{C358DB75-2013-41CD-95CD-15B79F0AE86A}"
EndProject
Project("{2150E333-8FDC-42A3-9474-1A3956D46DE8}") = "Addin", "Addin", "{AB6DE080-5F1E-49B6-BA30-9E3888C9AB5B}"
EndProject
Project("{2150E333-8FDC-42A3-9474-1A3956D46DE8}") = "Tests", "Tests", "{A6155412-108F-4AF1-B2A0-9428C830C0A7}"
EndProject
Project("{FAE04EC0-301F-11D3-BF4B-00C04F79EFBC}") = "MonoDevelop.VersionControl.TFS.Tests", "MonoDevelop.VersionControl.TFS.Tests\MonoDevelop.VersionControl.TFS.Tests.csproj", "{4D214173-4149-4192-B208-94FD984F737D}"
EndProject
Project("{2150E333-8FDC-42A3-9474-1A3956D46DE8}") = "Dependencies", "Dependencies", "{89B433AA-EDCE-4323-8569-6F2C6337C521}"
EndProject
Project("{FAE04EC0-301F-11D3-BF4B-00C04F79EFBC}") = "ADAL.PCL", "ADAL.PCL\ADAL.PCL\ADAL.PCL.csproj", "{94569420-69B5-4031-A975-F5791E3F2F17}"
EndProject
Project("{FAE04EC0-301F-11D3-BF4B-00C04F79EFBC}") = "ADAL.PCL.Mac", "ADAL.PCL\ADAL.PCL.Mac\ADAL.PCL.Mac.csproj", "{43DD159E-8C0C-4BEE-BA97-C92340600900}"
EndProject
Global
	GlobalSection(SolutionConfigurationPlatforms) = preSolution
		Debug|Any CPU = Debug|Any CPU
		Release|Any CPU = Release|Any CPU
	EndGlobalSection
	GlobalSection(ProjectConfigurationPlatforms) = postSolution
		{C358DB75-2013-41CD-95CD-15B79F0AE86A}.Debug|Any CPU.ActiveCfg = Debug|Any CPU
		{C358DB75-2013-41CD-95CD-15B79F0AE86A}.Debug|Any CPU.Build.0 = Debug|Any CPU
		{C358DB75-2013-41CD-95CD-15B79F0AE86A}.Release|Any CPU.ActiveCfg = Release|Any CPU
		{C358DB75-2013-41CD-95CD-15B79F0AE86A}.Release|Any CPU.Build.0 = Release|Any CPU
		{4D214173-4149-4192-B208-94FD984F737D}.Debug|Any CPU.ActiveCfg = Debug|Any CPU
		{4D214173-4149-4192-B208-94FD984F737D}.Debug|Any CPU.Build.0 = Debug|Any CPU
		{4D214173-4149-4192-B208-94FD984F737D}.Release|Any CPU.ActiveCfg = Release|Any CPU
		{4D214173-4149-4192-B208-94FD984F737D}.Release|Any CPU.Build.0 = Release|Any CPU
		{94569420-69B5-4031-A975-F5791E3F2F17}.Debug|Any CPU.ActiveCfg = Debug|Any CPU
		{94569420-69B5-4031-A975-F5791E3F2F17}.Debug|Any CPU.Build.0 = Debug|Any CPU
		{94569420-69B5-4031-A975-F5791E3F2F17}.Release|Any CPU.ActiveCfg = Release|Any CPU
		{94569420-69B5-4031-A975-F5791E3F2F17}.Release|Any CPU.Build.0 = Release|Any CPU
		{43DD159E-8C0C-4BEE-BA97-C92340600900}.Debug|Any CPU.ActiveCfg = Debug|Any CPU
		{43DD159E-8C0C-4BEE-BA97-C92340600900}.Debug|Any CPU.Build.0 = Debug|Any CPU
		{43DD159E-8C0C-4BEE-BA97-C92340600900}.Release|Any CPU.ActiveCfg = Release|Any CPU
		{43DD159E-8C0C-4BEE-BA97-C92340600900}.Release|Any CPU.Build.0 = Release|Any CPU
	EndGlobalSection
	GlobalSection(SolutionProperties) = preSolution
		HideSolutionNode = FALSE
	EndGlobalSection
	GlobalSection(NestedProjects) = preSolution
		{C358DB75-2013-41CD-95CD-15B79F0AE86A} = {AB6DE080-5F1E-49B6-BA30-9E3888C9AB5B}
		{4D214173-4149-4192-B208-94FD984F737D} = {A6155412-108F-4AF1-B2A0-9428C830C0A7}
		{94569420-69B5-4031-A975-F5791E3F2F17} = {89B433AA-EDCE-4323-8569-6F2C6337C521}
		{43DD159E-8C0C-4BEE-BA97-C92340600900} = {89B433AA-EDCE-4323-8569-6F2C6337C521}
	EndGlobalSection
	GlobalSection(ExtensibilityGlobals) = postSolution
		SolutionGuid = {F528D372-5256-4352-A73C-9829F2EE3367}
	EndGlobalSection
EndGlobal
